// !$*UTF8*$!
{
	archiveVersion = 1;
	classes = {
	};
	objectVersion = 46;
	objects = {

/* Begin PBXBuildFile section */
		7AB2D20B18D283E400BED52B /* Foundation.framework in Frameworks */ = {isa = PBXBuildFile; fileRef = 7AB2D20A18D283E400BED52B /* Foundation.framework */; };
		7AB2D20D18D283E400BED52B /* CoreGraphics.framework in Frameworks */ = {isa = PBXBuildFile; fileRef = 7AB2D20C18D283E400BED52B /* CoreGraphics.framework */; };
		7AB2D20F18D283E400BED52B /* UIKit.framework in Frameworks */ = {isa = PBXBuildFile; fileRef = 7AB2D20E18D283E400BED52B /* UIKit.framework */; };
		7AB2D21118D283E400BED52B /* CoreData.framework in Frameworks */ = {isa = PBXBuildFile; fileRef = 7AB2D21018D283E400BED52B /* CoreData.framework */; };
		7AB2D21718D283E400BED52B /* InfoPlist.strings in Resources */ = {isa = PBXBuildFile; fileRef = 7AB2D21518D283E400BED52B /* InfoPlist.strings */; };
		7AB2D21918D283E400BED52B /* main.m in Sources */ = {isa = PBXBuildFile; fileRef = 7AB2D21818D283E400BED52B /* main.m */; };
		7AB2D21D18D283E400BED52B /* botbAppDelegate.m in Sources */ = {isa = PBXBuildFile; fileRef = 7AB2D21C18D283E400BED52B /* botbAppDelegate.m */; };
		7AB2D22018D283E400BED52B /* BotBoT.xcdatamodeld in Sources */ = {isa = PBXBuildFile; fileRef = 7AB2D21E18D283E400BED52B /* BotBoT.xcdatamodeld */; };
		7AB2D22218D283E400BED52B /* Images.xcassets in Resources */ = {isa = PBXBuildFile; fileRef = 7AB2D22118D283E400BED52B /* Images.xcassets */; };
		7AB2D22918D283E500BED52B /* XCTest.framework in Frameworks */ = {isa = PBXBuildFile; fileRef = 7AB2D22818D283E500BED52B /* XCTest.framework */; };
		7AB2D22A18D283E500BED52B /* Foundation.framework in Frameworks */ = {isa = PBXBuildFile; fileRef = 7AB2D20A18D283E400BED52B /* Foundation.framework */; };
		7AB2D22B18D283E500BED52B /* UIKit.framework in Frameworks */ = {isa = PBXBuildFile; fileRef = 7AB2D20E18D283E400BED52B /* UIKit.framework */; };
		7AB2D22C18D283E500BED52B /* CoreData.framework in Frameworks */ = {isa = PBXBuildFile; fileRef = 7AB2D21018D283E400BED52B /* CoreData.framework */; };
		7AB2D23418D283E500BED52B /* InfoPlist.strings in Resources */ = {isa = PBXBuildFile; fileRef = 7AB2D23218D283E500BED52B /* InfoPlist.strings */; };
		7AB2D23618D283E500BED52B /* BotBoTTests.m in Sources */ = {isa = PBXBuildFile; fileRef = 7AB2D23518D283E500BED52B /* BotBoTTests.m */; };
/* End PBXBuildFile section */

/* Begin PBXContainerItemProxy section */
		7AB2D22D18D283E500BED52B /* PBXContainerItemProxy */ = {
			isa = PBXContainerItemProxy;
			containerPortal = 7AB2D1FF18D283E400BED52B /* Project object */;
			proxyType = 1;
			remoteGlobalIDString = 7AB2D20618D283E400BED52B;
			remoteInfo = BotBoT;
		};
/* End PBXContainerItemProxy section */

/* Begin PBXFileReference section */
		7AB2D20718D283E400BED52B /* BotBoT.app */ = {isa = PBXFileReference; explicitFileType = wrapper.application; includeInIndex = 0; path = BotBoT.app; sourceTree = BUILT_PRODUCTS_DIR; };
		7AB2D20A18D283E400BED52B /* Foundation.framework */ = {isa = PBXFileReference; lastKnownFileType = wrapper.framework; name = Foundation.framework; path = System/Library/Frameworks/Foundation.framework; sourceTree = SDKROOT; };
		7AB2D20C18D283E400BED52B /* CoreGraphics.framework */ = {isa = PBXFileReference; lastKnownFileType = wrapper.framework; name = CoreGraphics.framework; path = System/Library/Frameworks/CoreGraphics.framework; sourceTree = SDKROOT; };
		7AB2D20E18D283E400BED52B /* UIKit.framework */ = {isa = PBXFileReference; lastKnownFileType = wrapper.framework; name = UIKit.framework; path = System/Library/Frameworks/UIKit.framework; sourceTree = SDKROOT; };
		7AB2D21018D283E400BED52B /* CoreData.framework */ = {isa = PBXFileReference; lastKnownFileType = wrapper.framework; name = CoreData.framework; path = System/Library/Frameworks/CoreData.framework; sourceTree = SDKROOT; };
		7AB2D21418D283E400BED52B /* BotBoT-Info.plist */ = {isa = PBXFileReference; lastKnownFileType = text.plist.xml; path = "BotBoT-Info.plist"; sourceTree = "<group>"; };
		7AB2D21618D283E400BED52B /* en */ = {isa = PBXFileReference; lastKnownFileType = text.plist.strings; name = en; path = en.lproj/InfoPlist.strings; sourceTree = "<group>"; };
		7AB2D21818D283E400BED52B /* main.m */ = {isa = PBXFileReference; lastKnownFileType = sourcecode.c.objc; path = main.m; sourceTree = "<group>"; };
		7AB2D21A18D283E400BED52B /* BotBoT-Prefix.pch */ = {isa = PBXFileReference; lastKnownFileType = sourcecode.c.h; path = "BotBoT-Prefix.pch"; sourceTree = "<group>"; };
		7AB2D21B18D283E400BED52B /* botbAppDelegate.h */ = {isa = PBXFileReference; lastKnownFileType = sourcecode.c.h; path = botbAppDelegate.h; sourceTree = "<group>"; };
		7AB2D21C18D283E400BED52B /* botbAppDelegate.m */ = {isa = PBXFileReference; lastKnownFileType = sourcecode.c.objc; path = botbAppDelegate.m; sourceTree = "<group>"; };
		7AB2D21F18D283E400BED52B /* BotBoT.xcdatamodel */ = {isa = PBXFileReference; lastKnownFileType = wrapper.xcdatamodel; path = BotBoT.xcdatamodel; sourceTree = "<group>"; };
		7AB2D22118D283E400BED52B /* Images.xcassets */ = {isa = PBXFileReference; lastKnownFileType = folder.assetcatalog; path = Images.xcassets; sourceTree = "<group>"; };
		7AB2D22718D283E500BED52B /* BotBoTTests.xctest */ = {isa = PBXFileReference; explicitFileType = wrapper.cfbundle; includeInIndex = 0; path = BotBoTTests.xctest; sourceTree = BUILT_PRODUCTS_DIR; };
		7AB2D22818D283E500BED52B /* XCTest.framework */ = {isa = PBXFileReference; lastKnownFileType = wrapper.framework; name = XCTest.framework; path = Library/Frameworks/XCTest.framework; sourceTree = DEVELOPER_DIR; };
		7AB2D23118D283E500BED52B /* BotBoTTests-Info.plist */ = {isa = PBXFileReference; lastKnownFileType = text.plist.xml; path = "BotBoTTests-Info.plist"; sourceTree = "<group>"; };
		7AB2D23318D283E500BED52B /* en */ = {isa = PBXFileReference; lastKnownFileType = text.plist.strings; name = en; path = en.lproj/InfoPlist.strings; sourceTree = "<group>"; };
		7AB2D23518D283E500BED52B /* BotBoTTests.m */ = {isa = PBXFileReference; lastKnownFileType = sourcecode.c.objc; path = BotBoTTests.m; sourceTree = "<group>"; };
/* End PBXFileReference section */

/* Begin PBXFrameworksBuildPhase section */
		7AB2D20418D283E400BED52B /* Frameworks */ = {
			isa = PBXFrameworksBuildPhase;
			buildActionMask = 2147483647;
			files = (
				7AB2D20D18D283E400BED52B /* CoreGraphics.framework in Frameworks */,
				7AB2D21118D283E400BED52B /* CoreData.framework in Frameworks */,
				7AB2D20F18D283E400BED52B /* UIKit.framework in Frameworks */,
				7AB2D20B18D283E400BED52B /* Foundation.framework in Frameworks */,
			);
			runOnlyForDeploymentPostprocessing = 0;
		};
		7AB2D22418D283E500BED52B /* Frameworks */ = {
			isa = PBXFrameworksBuildPhase;
			buildActionMask = 2147483647;
			files = (
				7AB2D22918D283E500BED52B /* XCTest.framework in Frameworks */,
				7AB2D22C18D283E500BED52B /* CoreData.framework in Frameworks */,
				7AB2D22B18D283E500BED52B /* UIKit.framework in Frameworks */,
				7AB2D22A18D283E500BED52B /* Foundation.framework in Frameworks */,
			);
			runOnlyForDeploymentPostprocessing = 0;
		};
/* End PBXFrameworksBuildPhase section */

/* Begin PBXGroup section */
		7AB2D1FE18D283E400BED52B = {
			isa = PBXGroup;
			children = (
				7AB2D21218D283E400BED52B /* BotBoT */,
				7AB2D22F18D283E500BED52B /* BotBoTTests */,
				7AB2D20918D283E400BED52B /* Frameworks */,
				7AB2D20818D283E400BED52B /* Products */,
			);
			sourceTree = "<group>";
		};
		7AB2D20818D283E400BED52B /* Products */ = {
			isa = PBXGroup;
			children = (
				7AB2D20718D283E400BED52B /* BotBoT.app */,
				7AB2D22718D283E500BED52B /* BotBoTTests.xctest */,
			);
			name = Products;
			sourceTree = "<group>";
		};
		7AB2D20918D283E400BED52B /* Frameworks */ = {
			isa = PBXGroup;
			children = (
				7AB2D20A18D283E400BED52B /* Foundation.framework */,
				7AB2D20C18D283E400BED52B /* CoreGraphics.framework */,
				7AB2D20E18D283E400BED52B /* UIKit.framework */,
				7AB2D21018D283E400BED52B /* CoreData.framework */,
				7AB2D22818D283E500BED52B /* XCTest.framework */,
			);
			name = Frameworks;
			sourceTree = "<group>";
		};
		7AB2D21218D283E400BED52B /* BotBoT */ = {
			isa = PBXGroup;
			children = (
				7AB2D21B18D283E400BED52B /* botbAppDelegate.h */,
				7AB2D21C18D283E400BED52B /* botbAppDelegate.m */,
				7AB2D22118D283E400BED52B /* Images.xcassets */,
				7AB2D21E18D283E400BED52B /* BotBoT.xcdatamodeld */,
				7AB2D21318D283E400BED52B /* Supporting Files */,
			);
			path = BotBoT;
			sourceTree = "<group>";
		};
		7AB2D21318D283E400BED52B /* Supporting Files */ = {
			isa = PBXGroup;
			children = (
				7AB2D21418D283E400BED52B /* BotBoT-Info.plist */,
				7AB2D21518D283E400BED52B /* InfoPlist.strings */,
				7AB2D21818D283E400BED52B /* main.m */,
				7AB2D21A18D283E400BED52B /* BotBoT-Prefix.pch */,
			);
			name = "Supporting Files";
			sourceTree = "<group>";
		};
		7AB2D22F18D283E500BED52B /* BotBoTTests */ = {
			isa = PBXGroup;
			children = (
				7AB2D23518D283E500BED52B /* BotBoTTests.m */,
				7AB2D23018D283E500BED52B /* Supporting Files */,
			);
			path = BotBoTTests;
			sourceTree = "<group>";
		};
		7AB2D23018D283E500BED52B /* Supporting Files */ = {
			isa = PBXGroup;
			children = (
				7AB2D23118D283E500BED52B /* BotBoTTests-Info.plist */,
				7AB2D23218D283E500BED52B /* InfoPlist.strings */,
			);
			name = "Supporting Files";
			sourceTree = "<group>";
		};
/* End PBXGroup section */

/* Begin PBXNativeTarget section */
		7AB2D20618D283E400BED52B /* BotBoT */ = {
			isa = PBXNativeTarget;
			buildConfigurationList = 7AB2D23918D283E500BED52B /* Build configuration list for PBXNativeTarget "BotBoT" */;
			buildPhases = (
				7AB2D20318D283E400BED52B /* Sources */,
				7AB2D20418D283E400BED52B /* Frameworks */,
				7AB2D20518D283E400BED52B /* Resources */,
			);
			buildRules = (
			);
			dependencies = (
			);
			name = BotBoT;
			productName = BotBoT;
			productReference = 7AB2D20718D283E400BED52B /* BotBoT.app */;
			productType = "com.apple.product-type.application";
		};
		7AB2D22618D283E500BED52B /* BotBoTTests */ = {
			isa = PBXNativeTarget;
			buildConfigurationList = 7AB2D23C18D283E500BED52B /* Build configuration list for PBXNativeTarget "BotBoTTests" */;
			buildPhases = (
				7AB2D22318D283E500BED52B /* Sources */,
				7AB2D22418D283E500BED52B /* Frameworks */,
				7AB2D22518D283E500BED52B /* Resources */,
			);
			buildRules = (
			);
			dependencies = (
				7AB2D22E18D283E500BED52B /* PBXTargetDependency */,
			);
			name = BotBoTTests;
			productName = BotBoTTests;
			productReference = 7AB2D22718D283E500BED52B /* BotBoTTests.xctest */;
			productType = "com.apple.product-type.bundle.unit-test";
		};
/* End PBXNativeTarget section */

/* Begin PBXProject section */
		7AB2D1FF18D283E400BED52B /* Project object */ = {
			isa = PBXProject;
			attributes = {
				CLASSPREFIX = botb;
				LastUpgradeCheck = 0510;
				ORGANIZATIONNAME = "The 4 Amigos";
				TargetAttributes = {
					7AB2D22618D283E500BED52B = {
						TestTargetID = 7AB2D20618D283E400BED52B;
					};
				};
			};
			buildConfigurationList = 7AB2D20218D283E400BED52B /* Build configuration list for PBXProject "BotBoT" */;
			compatibilityVersion = "Xcode 3.2";
			developmentRegion = English;
			hasScannedForEncodings = 0;
			knownRegions = (
				en,
			);
			mainGroup = 7AB2D1FE18D283E400BED52B;
			productRefGroup = 7AB2D20818D283E400BED52B /* Products */;
			projectDirPath = "";
			projectRoot = "";
			targets = (
				7AB2D20618D283E400BED52B /* BotBoT */,
				7AB2D22618D283E500BED52B /* BotBoTTests */,
			);
		};
/* End PBXProject section */

/* Begin PBXResourcesBuildPhase section */
		7AB2D20518D283E400BED52B /* Resources */ = {
			isa = PBXResourcesBuildPhase;
			buildActionMask = 2147483647;
			files = (
				7AB2D21718D283E400BED52B /* InfoPlist.strings in Resources */,
				7AB2D22218D283E400BED52B /* Images.xcassets in Resources */,
			);
			runOnlyForDeploymentPostprocessing = 0;
		};
		7AB2D22518D283E500BED52B /* Resources */ = {
			isa = PBXResourcesBuildPhase;
			buildActionMask = 2147483647;
			files = (
				7AB2D23418D283E500BED52B /* InfoPlist.strings in Resources */,
			);
			runOnlyForDeploymentPostprocessing = 0;
		};
/* End PBXResourcesBuildPhase section */

/* Begin PBXSourcesBuildPhase section */
		7AB2D20318D283E400BED52B /* Sources */ = {
			isa = PBXSourcesBuildPhase;
			buildActionMask = 2147483647;
			files = (
				7AB2D22018D283E400BED52B /* BotBoT.xcdatamodeld in Sources */,
				7AB2D21918D283E400BED52B /* main.m in Sources */,
				7AB2D21D18D283E400BED52B /* botbAppDelegate.m in Sources */,
			);
			runOnlyForDeploymentPostprocessing = 0;
		};
		7AB2D22318D283E500BED52B /* Sources */ = {
			isa = PBXSourcesBuildPhase;
			buildActionMask = 2147483647;
			files = (
				7AB2D23618D283E500BED52B /* BotBoTTests.m in Sources */,
			);
			runOnlyForDeploymentPostprocessing = 0;
		};
/* End PBXSourcesBuildPhase section */

/* Begin PBXTargetDependency section */
		7AB2D22E18D283E500BED52B /* PBXTargetDependency */ = {
			isa = PBXTargetDependency;
			target = 7AB2D20618D283E400BED52B /* BotBoT */;
			targetProxy = 7AB2D22D18D283E500BED52B /* PBXContainerItemProxy */;
		};
/* End PBXTargetDependency section */

/* Begin PBXVariantGroup section */
		7AB2D21518D283E400BED52B /* InfoPlist.strings */ = {
			isa = PBXVariantGroup;
			children = (
				7AB2D21618D283E400BED52B /* en */,
			);
			name = InfoPlist.strings;
			sourceTree = "<group>";
		};
		7AB2D23218D283E500BED52B /* InfoPlist.strings */ = {
			isa = PBXVariantGroup;
			children = (
				7AB2D23318D283E500BED52B /* en */,
			);
			name = InfoPlist.strings;
			sourceTree = "<group>";
		};
/* End PBXVariantGroup section */

/* Begin XCBuildConfiguration section */
		7AB2D23718D283E500BED52B /* Debug */ = {
			isa = XCBuildConfiguration;
			buildSettings = {
				ALWAYS_SEARCH_USER_PATHS = NO;
				CLANG_CXX_LANGUAGE_STANDARD = "gnu++0x";
				CLANG_CXX_LIBRARY = "libc++";
				CLANG_ENABLE_MODULES = YES;
				CLANG_ENABLE_OBJC_ARC = YES;
				CLANG_WARN_BOOL_CONVERSION = YES;
				CLANG_WARN_CONSTANT_CONVERSION = YES;
				CLANG_WARN_DIRECT_OBJC_ISA_USAGE = YES_ERROR;
				CLANG_WARN_EMPTY_BODY = YES;
				CLANG_WARN_ENUM_CONVERSION = YES;
				CLANG_WARN_INT_CONVERSION = YES;
				CLANG_WARN_OBJC_ROOT_CLASS = YES_ERROR;
				CLANG_WARN__DUPLICATE_METHOD_MATCH = YES;
				"CODE_SIGN_IDENTITY[sdk=iphoneos*]" = "iPhone Developer";
				COPY_PHASE_STRIP = NO;
				GCC_C_LANGUAGE_STANDARD = gnu99;
				GCC_DYNAMIC_NO_PIC = NO;
				GCC_OPTIMIZATION_LEVEL = 0;
				GCC_PREPROCESSOR_DEFINITIONS = (
					"DEBUG=1",
					"$(inherited)",
				);
				GCC_SYMBOLS_PRIVATE_EXTERN = NO;
				GCC_WARN_64_TO_32_BIT_CONVERSION = YES;
				GCC_WARN_ABOUT_RETURN_TYPE = YES_ERROR;
				GCC_WARN_UNDECLARED_SELECTOR = YES;
				GCC_WARN_UNINITIALIZED_AUTOS = YES_AGGRESSIVE;
				GCC_WARN_UNUSED_FUNCTION = YES;
				GCC_WARN_UNUSED_VARIABLE = YES;
				IPHONEOS_DEPLOYMENT_TARGET = 7.1;
				ONLY_ACTIVE_ARCH = YES;
				SDKROOT = iphoneos;
			};
			name = Debug;
		};
		7AB2D23818D283E500BED52B /* Release */ = {
			isa = XCBuildConfiguration;
			buildSettings = {
				ALWAYS_SEARCH_USER_PATHS = NO;
				CLANG_CXX_LANGUAGE_STANDARD = "gnu++0x";
				CLANG_CXX_LIBRARY = "libc++";
				CLANG_ENABLE_MODULES = YES;
				CLANG_ENABLE_OBJC_ARC = YES;
				CLANG_WARN_BOOL_CONVERSION = YES;
				CLANG_WARN_CONSTANT_CONVERSION = YES;
				CLANG_WARN_DIRECT_OBJC_ISA_USAGE = YES_ERROR;
				CLANG_WARN_EMPTY_BODY = YES;
				CLANG_WARN_ENUM_CONVERSION = YES;
				CLANG_WARN_INT_CONVERSION = YES;
				CLANG_WARN_OBJC_ROOT_CLASS = YES_ERROR;
				CLANG_WARN__DUPLICATE_METHOD_MATCH = YES;
				"CODE_SIGN_IDENTITY[sdk=iphoneos*]" = "iPhone Developer";
				COPY_PHASE_STRIP = YES;
				ENABLE_NS_ASSERTIONS = NO;
				GCC_C_LANGUAGE_STANDARD = gnu99;
				GCC_WARN_64_TO_32_BIT_CONVERSION = YES;
				GCC_WARN_ABOUT_RETURN_TYPE = YES_ERROR;
				GCC_WARN_UNDECLARED_SELECTOR = YES;
				GCC_WARN_UNINITIALIZED_AUTOS = YES_AGGRESSIVE;
				GCC_WARN_UNUSED_FUNCTION = YES;
				GCC_WARN_UNUSED_VARIABLE = YES;
				IPHONEOS_DEPLOYMENT_TARGET = 7.1;
				SDKROOT = iphoneos;
				VALIDATE_PRODUCT = YES;
			};
			name = Release;
		};
		7AB2D23A18D283E500BED52B /* Debug */ = {
			isa = XCBuildConfiguration;
			buildSettings = {
				ASSETCATALOG_COMPILER_APPICON_NAME = AppIcon;
				ASSETCATALOG_COMPILER_LAUNCHIMAGE_NAME = LaunchImage;
				GCC_PRECOMPILE_PREFIX_HEADER = YES;
				GCC_PREFIX_HEADER = "BotBoT/BotBoT-Prefix.pch";
				INFOPLIST_FILE = "BotBoT/BotBoT-Info.plist";
				PRODUCT_NAME = "$(TARGET_NAME)";
				WRAPPER_EXTENSION = app;
			};
			name = Debug;
		};
		7AB2D23B18D283E500BED52B /* Release */ = {
			isa = XCBuildConfiguration;
			buildSettings = {
				ASSETCATALOG_COMPILER_APPICON_NAME = AppIcon;
				ASSETCATALOG_COMPILER_LAUNCHIMAGE_NAME = LaunchImage;
				GCC_PRECOMPILE_PREFIX_HEADER = YES;
				GCC_PREFIX_HEADER = "BotBoT/BotBoT-Prefix.pch";
				INFOPLIST_FILE = "BotBoT/BotBoT-Info.plist";
				PRODUCT_NAME = "$(TARGET_NAME)";
				WRAPPER_EXTENSION = app;
			};
			name = Release;
		};
		7AB2D23D18D283E500BED52B /* Debug */ = {
			isa = XCBuildConfiguration;
			buildSettings = {
				BUNDLE_LOADER = "$(BUILT_PRODUCTS_DIR)/BotBoT.app/BotBoT";
				FRAMEWORK_SEARCH_PATHS = (
					"$(SDKROOT)/Developer/Library/Frameworks",
					"$(inherited)",
					"$(DEVELOPER_FRAMEWORKS_DIR)",
				);
				GCC_PRECOMPILE_PREFIX_HEADER = YES;
				GCC_PREFIX_HEADER = "BotBoT/BotBoT-Prefix.pch";
				GCC_PREPROCESSOR_DEFINITIONS = (
					"DEBUG=1",
					"$(inherited)",
				);
				INFOPLIST_FILE = "BotBoTTests/BotBoTTests-Info.plist";
				PRODUCT_NAME = "$(TARGET_NAME)";
				TEST_HOST = "$(BUNDLE_LOADER)";
				WRAPPER_EXTENSION = xctest;
			};
			name = Debug;
		};
		7AB2D23E18D283E500BED52B /* Release */ = {
			isa = XCBuildConfiguration;
			buildSettings = {
				BUNDLE_LOADER = "$(BUILT_PRODUCTS_DIR)/BotBoT.app/BotBoT";
				FRAMEWORK_SEARCH_PATHS = (
					"$(SDKROOT)/Developer/Library/Frameworks",
					"$(inherited)",
					"$(DEVELOPER_FRAMEWORKS_DIR)",
				);
				GCC_PRECOMPILE_PREFIX_HEADER = YES;
				GCC_PREFIX_HEADER = "BotBoT/BotBoT-Prefix.pch";
				INFOPLIST_FILE = "BotBoTTests/BotBoTTests-Info.plist";
				PRODUCT_NAME = "$(TARGET_NAME)";
				TEST_HOST = "$(BUNDLE_LOADER)";
				WRAPPER_EXTENSION = xctest;
			};
			name = Release;
		};
/* End XCBuildConfiguration section */

/* Begin XCConfigurationList section */
		7AB2D20218D283E400BED52B /* Build configuration list for PBXProject "BotBoT" */ = {
			isa = XCConfigurationList;
			buildConfigurations = (
				7AB2D23718D283E500BED52B /* Debug */,
				7AB2D23818D283E500BED52B /* Release */,
			);
			defaultConfigurationIsVisible = 0;
			defaultConfigurationName = Release;
		};
		7AB2D23918D283E500BED52B /* Build configuration list for PBXNativeTarget "BotBoT" */ = {
			isa = XCConfigurationList;
			buildConfigurations = (
				7AB2D23A18D283E500BED52B /* Debug */,
				7AB2D23B18D283E500BED52B /* Release */,
			);
			defaultConfigurationIsVisible = 0;
		};
		7AB2D23C18D283E500BED52B /* Build configuration list for PBXNativeTarget "BotBoTTests" */ = {
			isa = XCConfigurationList;
			buildConfigurations = (
				7AB2D23D18D283E500BED52B /* Debug */,
				7AB2D23E18D283E500BED52B /* Release */,
			);
			defaultConfigurationIsVisible = 0;
		};
/* End XCConfigurationList section */

/* Begin XCVersionGroup section */
		7AB2D21E18D283E400BED52B /* BotBoT.xcdatamodeld */ = {
			isa = XCVersionGroup;
			children = (
				7AB2D21F18D283E400BED52B /* BotBoT.xcdatamodel */,
			);
			currentVersion = 7AB2D21F18D283E400BED52B /* BotBoT.xcdatamodel */;
			path = BotBoT.xcdatamodeld;
			sourceTree = "<group>";
			versionGroupType = wrapper.xcdatamodel;
		};
/* End XCVersionGroup section */
	};
	rootObject = 7AB2D1FF18D283E400BED52B /* Project object */;
}
